
Microsoft Visual Studio Solution File, Format Version 12.00
# Visual Studio Version 17
VisualStudioVersion = 17.7.34009.444
MinimumVisualStudioVersion = 10.0.40219.1
Project("{9A19103F-16F7-4668-BE54-9A1E7A4F7556}") = "GameVerse_recommendation", "GameVerse_recommendation\GameVerse_recommendation.csproj", "{6F39B604-E75E-4CCA-974C-8D370CD3A3A3}"
EndProject
Global
	GlobalSection(SolutionConfigurationPlatforms) = preSolution
		Debug|Any CPU = Debug|Any CPU
		Release|Any CPU = Release|Any CPU
	EndGlobalSection
	GlobalSection(ProjectConfigurationPlatforms) = postSolution
		{6F39B604-E75E-4CCA-974C-8D370CD3A3A3}.Debug|Any CPU.ActiveCfg = Debug|Any CPU
		{6F39B604-E75E-4CCA-974C-8D370CD3A3A3}.Debug|Any CPU.Build.0 = Debug|Any CPU
		{6F39B604-E75E-4CCA-974C-8D370CD3A3A3}.Release|Any CPU.ActiveCfg = Release|Any CPU
		{6F39B604-E75E-4CCA-974C-8D370CD3A3A3}.Release|Any CPU.Build.0 = Release|Any CPU
	EndGlobalSection
	GlobalSection(SolutionProperties) = preSolution
		HideSolutionNode = FALSE
	EndGlobalSection
	GlobalSection(ExtensibilityGlobals) = postSolution
		SolutionGuid = {44348BBE-A8E0-4679-8EBC-C491FB44CB22}
	EndGlobalSection
EndGlobal
